
Microsoft Visual Studio Solution File, Format Version 12.00
# Visual Studio 15
VisualStudioVersion = 15.0.26730.12
MinimumVisualStudioVersion = 10.0.40219.1
Project("{FAE04EC0-301F-11D3-BF4B-00C04F79EFBC}") = "03. Critical Breakpoint", "03. Critical Breakpoint\03. Critical Breakpoint.csproj", "{020E842C-5EB5-4E3E-AE91-AB6F6519BCF6}"
EndProject
Global
	GlobalSection(SolutionConfigurationPlatforms) = preSolution
		Debug|Any CPU = Debug|Any CPU
		Release|Any CPU = Release|Any CPU
	EndGlobalSection
	GlobalSection(ProjectConfigurationPlatforms) = postSolution
		{020E842C-5EB5-4E3E-AE91-AB6F6519BCF6}.Debug|Any CPU.ActiveCfg = Debug|Any CPU
		{020E842C-5EB5-4E3E-AE91-AB6F6519BCF6}.Debug|Any CPU.Build.0 = Debug|Any CPU
		{020E842C-5EB5-4E3E-AE91-AB6F6519BCF6}.Release|Any CPU.ActiveCfg = Release|Any CPU
		{020E842C-5EB5-4E3E-AE91-AB6F6519BCF6}.Release|Any CPU.Build.0 = Release|Any CPU
	EndGlobalSection
	GlobalSection(SolutionProperties) = preSolution
		HideSolutionNode = FALSE
	EndGlobalSection
	GlobalSection(ExtensibilityGlobals) = postSolution
		SolutionGuid = {EF569E9E-4BC3-4767-BE0C-918A35797D42}
	EndGlobalSection
EndGlobal
