
Microsoft Visual Studio Solution File, Format Version 12.00
# Visual Studio 15
VisualStudioVersion = 15.0.26228.10
MinimumVisualStudioVersion = 10.0.40219.1
Project("{FAE04EC0-301F-11D3-BF4B-00C04F79EFBC}") = "Optimized Banking System", "Optimized Banking System\Optimized Banking System.csproj", "{DB1A2EE8-E0FC-4A58-93B0-642EE34BF19D}"
EndProject
Global
	GlobalSection(SolutionConfigurationPlatforms) = preSolution
		Debug|Any CPU = Debug|Any CPU
		Release|Any CPU = Release|Any CPU
	EndGlobalSection
	GlobalSection(ProjectConfigurationPlatforms) = postSolution
		{DB1A2EE8-E0FC-4A58-93B0-642EE34BF19D}.Debug|Any CPU.ActiveCfg = Debug|Any CPU
		{DB1A2EE8-E0FC-4A58-93B0-642EE34BF19D}.Debug|Any CPU.Build.0 = Debug|Any CPU
		{DB1A2EE8-E0FC-4A58-93B0-642EE34BF19D}.Release|Any CPU.ActiveCfg = Release|Any CPU
		{DB1A2EE8-E0FC-4A58-93B0-642EE34BF19D}.Release|Any CPU.Build.0 = Release|Any CPU
	EndGlobalSection
	GlobalSection(SolutionProperties) = preSolution
		HideSolutionNode = FALSE
	EndGlobalSection
EndGlobal
